
Microsoft Visual Studio Solution File, Format Version 12.00
# Visual Studio 14
VisualStudioVersion = 14.0.25420.1
MinimumVisualStudioVersion = 10.0.40219.1
Project("{FAE04EC0-301F-11D3-BF4B-00C04F79EFBC}") = "SocketServer", "SocketServer\SocketServer.csproj", "{AFF5549E-9A1B-456F-8EFE-0E704F4F383B}"
EndProject
Project("{FAE04EC0-301F-11D3-BF4B-00C04F79EFBC}") = "SocketClient", "SocketClient\SocketClient.csproj", "{D9159FF0-7127-4986-B39D-2D96388AC02C}"
EndProject
Project("{FAE04EC0-301F-11D3-BF4B-00C04F79EFBC}") = "MySocketServer", "MySocketServer\MySocketServer.csproj", "{2B48FD32-6BAC-493F-B919-105946FE9827}"
EndProject
Project("{FAE04EC0-301F-11D3-BF4B-00C04F79EFBC}") = "MySocketClient", "MySocketClient\MySocketClient.csproj", "{2BE8B937-5DF3-45E9-A7D5-4336E5D7A0E5}"
EndProject
Global
	GlobalSection(SolutionConfigurationPlatforms) = preSolution
		Debug|Any CPU = Debug|Any CPU
		Release|Any CPU = Release|Any CPU
	EndGlobalSection
	GlobalSection(ProjectConfigurationPlatforms) = postSolution
		{AFF5549E-9A1B-456F-8EFE-0E704F4F383B}.Debug|Any CPU.ActiveCfg = Debug|Any CPU
		{AFF5549E-9A1B-456F-8EFE-0E704F4F383B}.Debug|Any CPU.Build.0 = Debug|Any CPU
		{AFF5549E-9A1B-456F-8EFE-0E704F4F383B}.Release|Any CPU.ActiveCfg = Release|Any CPU
		{AFF5549E-9A1B-456F-8EFE-0E704F4F383B}.Release|Any CPU.Build.0 = Release|Any CPU
		{D9159FF0-7127-4986-B39D-2D96388AC02C}.Debug|Any CPU.ActiveCfg = Debug|Any CPU
		{D9159FF0-7127-4986-B39D-2D96388AC02C}.Debug|Any CPU.Build.0 = Debug|Any CPU
		{D9159FF0-7127-4986-B39D-2D96388AC02C}.Release|Any CPU.ActiveCfg = Release|Any CPU
		{D9159FF0-7127-4986-B39D-2D96388AC02C}.Release|Any CPU.Build.0 = Release|Any CPU
		{2B48FD32-6BAC-493F-B919-105946FE9827}.Debug|Any CPU.ActiveCfg = Debug|Any CPU
		{2B48FD32-6BAC-493F-B919-105946FE9827}.Debug|Any CPU.Build.0 = Debug|Any CPU
		{2B48FD32-6BAC-493F-B919-105946FE9827}.Release|Any CPU.ActiveCfg = Release|Any CPU
		{2B48FD32-6BAC-493F-B919-105946FE9827}.Release|Any CPU.Build.0 = Release|Any CPU
		{2BE8B937-5DF3-45E9-A7D5-4336E5D7A0E5}.Debug|Any CPU.ActiveCfg = Debug|Any CPU
		{2BE8B937-5DF3-45E9-A7D5-4336E5D7A0E5}.Debug|Any CPU.Build.0 = Debug|Any CPU
		{2BE8B937-5DF3-45E9-A7D5-4336E5D7A0E5}.Release|Any CPU.ActiveCfg = Release|Any CPU
		{2BE8B937-5DF3-45E9-A7D5-4336E5D7A0E5}.Release|Any CPU.Build.0 = Release|Any CPU
	EndGlobalSection
	GlobalSection(SolutionProperties) = preSolution
		HideSolutionNode = FALSE
	EndGlobalSection
EndGlobal
